
Microsoft Visual Studio Solution File, Format Version 12.00
# Visual Studio Version 17
VisualStudioVersion = 17.5.33502.453
MinimumVisualStudioVersion = 10.0.40219.1
Project("{FAE04EC0-301F-11D3-BF4B-00C04F79EFBC}") = "DesafioAeC_RPA", "DesafioAeC_RPA\DesafioAeC_RPA.csproj", "{D6D6C295-7F0B-42A2-AB14-DF602485F07E}"
EndProject
Global
	GlobalSection(SolutionConfigurationPlatforms) = preSolution
		Debug|Any CPU = Debug|Any CPU
		Release|Any CPU = Release|Any CPU
	EndGlobalSection
	GlobalSection(ProjectConfigurationPlatforms) = postSolution
		{D6D6C295-7F0B-42A2-AB14-DF602485F07E}.Debug|Any CPU.ActiveCfg = Debug|Any CPU
		{D6D6C295-7F0B-42A2-AB14-DF602485F07E}.Debug|Any CPU.Build.0 = Debug|Any CPU
		{D6D6C295-7F0B-42A2-AB14-DF602485F07E}.Release|Any CPU.ActiveCfg = Release|Any CPU
		{D6D6C295-7F0B-42A2-AB14-DF602485F07E}.Release|Any CPU.Build.0 = Release|Any CPU
	EndGlobalSection
	GlobalSection(SolutionProperties) = preSolution
		HideSolutionNode = FALSE
	EndGlobalSection
	GlobalSection(ExtensibilityGlobals) = postSolution
		SolutionGuid = {8A9D2457-2703-474E-ADA9-6919AC4210B2}
	EndGlobalSection
EndGlobal
